
Microsoft Visual Studio Solution File, Format Version 12.00
# Visual Studio 15
VisualStudioVersion = 15.0.27703.2035
MinimumVisualStudioVersion = 10.0.40219.1
Project("{9092AA53-FB77-4645-B42D-1CCCA6BD08BD}") = "node_Practice", "node_Practice\node_Practice.njsproj", "{9E997EEF-2915-419C-9177-2CC3798C16A2}"
EndProject
Global
	GlobalSection(SolutionConfigurationPlatforms) = preSolution
		Debug|Any CPU = Debug|Any CPU
		Release|Any CPU = Release|Any CPU
	EndGlobalSection
	GlobalSection(ProjectConfigurationPlatforms) = postSolution
		{9E997EEF-2915-419C-9177-2CC3798C16A2}.Debug|Any CPU.ActiveCfg = Debug|Any CPU
		{9E997EEF-2915-419C-9177-2CC3798C16A2}.Debug|Any CPU.Build.0 = Debug|Any CPU
		{9E997EEF-2915-419C-9177-2CC3798C16A2}.Release|Any CPU.ActiveCfg = Release|Any CPU
		{9E997EEF-2915-419C-9177-2CC3798C16A2}.Release|Any CPU.Build.0 = Release|Any CPU
	EndGlobalSection
	GlobalSection(SolutionProperties) = preSolution
		HideSolutionNode = FALSE
	EndGlobalSection
	GlobalSection(ExtensibilityGlobals) = postSolution
		SolutionGuid = {EA9B1561-360C-41C4-A29A-1AF7B2695ECE}
	EndGlobalSection
EndGlobal
