{
  "name": "node_practice",
  "version": "0.0.0",
  "lockfileVersion": 1,
  "requires": true,
  "dependencies": {
    "@types/node": {
      "version": "6.0.114",
      "resolved": "https://registry.npmjs.org/@types/node/-/node-6.0.114.tgz",
      "integrity": "sha512-5ViC9dwf1VIAtrOFTvOuN04lJgw28eKjuy0Vg2Bd/fSlxKP2feCSkIw04ZgOENL2ywdWrtbkthp1XVLEjJmouw==",
      "dev": true
    },
    "conventional-changelog-express": {
      "version": "2.0.0",
      "resolved": "https://registry.npmjs.org/conventional-changelog-express/-/conventional-changelog-express-2.0.0.tgz",
      "integrity": "sha512-2svPjeXCrjwwqnzu/f3qU5LWoLO0jmUIEbtbbSRXAAP9Ag+137b484eJsiRt9DPYXSVzog0Eoek3rvCzfHcphQ==",
      "requires": {
        "q": "1.5.1"
      }
    },
    "q": {
      "version": "1.5.1",
      "resolved": "https://registry.npmjs.org/q/-/q-1.5.1.tgz",
      "integrity": "sha1-fjL3W0E4EpHQRhHxvxQQmsAGUdc="
    }
  }
}
